
Microsoft Visual Studio Solution File, Format Version 12.00
# Visual Studio Version 17
VisualStudioVersion = 17.13.35818.85 d17.13
MinimumVisualStudioVersion = 10.0.40219.1
Project("{FAE04EC0-301F-11D3-BF4B-00C04F79EFBC}") = "teste de mesa 1 - 2", "teste de mesa 1 - 2\teste de mesa 1 - 2.csproj", "{D8042394-5CB5-4E7B-8EF1-98AE33118C41}"
EndProject
Global
	GlobalSection(SolutionConfigurationPlatforms) = preSolution
		Debug|Any CPU = Debug|Any CPU
		Release|Any CPU = Release|Any CPU
	EndGlobalSection
	GlobalSection(ProjectConfigurationPlatforms) = postSolution
		{D8042394-5CB5-4E7B-8EF1-98AE33118C41}.Debug|Any CPU.ActiveCfg = Debug|Any CPU
		{D8042394-5CB5-4E7B-8EF1-98AE33118C41}.Debug|Any CPU.Build.0 = Debug|Any CPU
		{D8042394-5CB5-4E7B-8EF1-98AE33118C41}.Release|Any CPU.ActiveCfg = Release|Any CPU
		{D8042394-5CB5-4E7B-8EF1-98AE33118C41}.Release|Any CPU.Build.0 = Release|Any CPU
	EndGlobalSection
	GlobalSection(SolutionProperties) = preSolution
		HideSolutionNode = FALSE
	EndGlobalSection
	GlobalSection(ExtensibilityGlobals) = postSolution
		SolutionGuid = {3BC2F211-1416-455F-A5F0-49C2EC7B4236}
	EndGlobalSection
EndGlobal
